
Microsoft Visual Studio Solution File, Format Version 12.00
# Visual Studio Version 17
VisualStudioVersion = 17.0.31903.59
MinimumVisualStudioVersion = 10.0.40219.1
Project("{FAE04EC0-301F-11D3-BF4B-00C04F79EFBC}") = "morshucraft.Resources", "resources\morshucraft.Resources.csproj", "{B9E2DFBE-2984-4094-96BF-89032D230A56}"
EndProject
Project("{FAE04EC0-301F-11D3-BF4B-00C04F79EFBC}") = "morshucraft.Tests", "tests\morshucraft.Tests.csproj", "{EBD5511D-FD7F-471E-956E-2BDE77D735EF}"
EndProject
Project("{FAE04EC0-301F-11D3-BF4B-00C04F79EFBC}") = "morshucraft.Engine", "engine\morshucraft.Engine.csproj", "{BF23DE37-6CAB-4407-B88A-5EDB17F18C48}"
EndProject
Project("{FAE04EC0-301F-11D3-BF4B-00C04F79EFBC}") = "morshucraft.Bootstrap", "bootstrap\morshucraft.Bootstrap.csproj", "{6FE46286-E56C-4065-ADF4-95AFF6399157}"
EndProject
Global
	GlobalSection(SolutionConfigurationPlatforms) = preSolution
		Debug|Any CPU = Debug|Any CPU
		Release|Any CPU = Release|Any CPU
	EndGlobalSection
	GlobalSection(SolutionProperties) = preSolution
		HideSolutionNode = FALSE
	EndGlobalSection
	GlobalSection(ProjectConfigurationPlatforms) = postSolution
		{B9E2DFBE-2984-4094-96BF-89032D230A56}.Debug|Any CPU.ActiveCfg = Debug|Any CPU
		{B9E2DFBE-2984-4094-96BF-89032D230A56}.Debug|Any CPU.Build.0 = Debug|Any CPU
		{B9E2DFBE-2984-4094-96BF-89032D230A56}.Release|Any CPU.ActiveCfg = Release|Any CPU
		{B9E2DFBE-2984-4094-96BF-89032D230A56}.Release|Any CPU.Build.0 = Release|Any CPU
		{EBD5511D-FD7F-471E-956E-2BDE77D735EF}.Debug|Any CPU.ActiveCfg = Debug|Any CPU
		{EBD5511D-FD7F-471E-956E-2BDE77D735EF}.Debug|Any CPU.Build.0 = Debug|Any CPU
		{EBD5511D-FD7F-471E-956E-2BDE77D735EF}.Release|Any CPU.ActiveCfg = Release|Any CPU
		{EBD5511D-FD7F-471E-956E-2BDE77D735EF}.Release|Any CPU.Build.0 = Release|Any CPU
		{BF23DE37-6CAB-4407-B88A-5EDB17F18C48}.Debug|Any CPU.ActiveCfg = Debug|Any CPU
		{BF23DE37-6CAB-4407-B88A-5EDB17F18C48}.Debug|Any CPU.Build.0 = Debug|Any CPU
		{BF23DE37-6CAB-4407-B88A-5EDB17F18C48}.Release|Any CPU.ActiveCfg = Release|Any CPU
		{BF23DE37-6CAB-4407-B88A-5EDB17F18C48}.Release|Any CPU.Build.0 = Release|Any CPU
		{6FE46286-E56C-4065-ADF4-95AFF6399157}.Debug|Any CPU.ActiveCfg = Debug|Any CPU
		{6FE46286-E56C-4065-ADF4-95AFF6399157}.Debug|Any CPU.Build.0 = Debug|Any CPU
		{6FE46286-E56C-4065-ADF4-95AFF6399157}.Release|Any CPU.ActiveCfg = Release|Any CPU
		{6FE46286-E56C-4065-ADF4-95AFF6399157}.Release|Any CPU.Build.0 = Release|Any CPU
	EndGlobalSection
EndGlobal
